<?xml version="1.0" encoding="utf-8"?>
<Project ToolsVersion="4.0" xmlns="http://schemas.microsoft.com/developer/msbuild/2003">
  <ItemGroup>
    <Filter Include="Source Files">
      <UniqueIdentifier>{4FC737F1-C7A5-4376-A066-2A32D752A2FF}</UniqueIdentifier>
      <Extensions>cpp;c;cc;cxx;def;odl;idl;hpj;bat;asm;asmx</Extensions>
    </Filter>
    <Filter Include="Header Files">
      <UniqueIdentifier>{93995380-89BD-4b04-88EB-625FBE52EBFB}</UniqueIdentifier>
      <Extensions>h;hh;hpp;hxx;hm;inl;inc;xsd</Extensions>
    </Filter>
    <Filter Include="Resource Files">
      <UniqueIdentifier>{67DA6AB6-F800-4c08-8B7A-83BB121AAD01}</UniqueIdentifier>
      <Extensions>rc;ico;cur;bmp;dlg;rc2;rct;bin;rgs;gif;jpg;jpeg;jpe;resx;tiff;tif;png;wav;mfcribbon-ms</Extensions>
    </Filter>
    <Filter Include="Header Files\core">
      <UniqueIdentifier>{482adaa7-cd8a-4b21-adb6-4639ef68aa6f}</UniqueIdentifier>
    </Filter>
    <Filter Include="Header Files\core\ESS">
      <UniqueIdentifier>{886c2a10-d651-4497-af13-a6b0bdeeaa7f}</UniqueIdentifier>
    </Filter>
    <Filter Include="Header Files\core\EXT">
      <UniqueIdentifier>{eebd350d-0765-4329-871e-e33453bebda0}</UniqueIdentifier>
    </Filter>
    <Filter Include="Source Files\core">
      <UniqueIdentifier>{b886227e-83cf-47a6-a990-23691b36bbdb}</UniqueIdentifier>
    </Filter>
    <Filter Include="Source Files\core\ESS">
      <UniqueIdentifier>{b1c52020-66cd-413c-9f86-4e0dffe8f982}</UniqueIdentifier>
    </Filter>
    <Filter Include="Source Files\core\EXT">
      <UniqueIdentifier>{da4fad56-4e17-4b9c-b598-379d25b8aaf3}</UniqueIdentifier>
    </Filter>
  </ItemGroup>
  <ItemGroup>
    <ClInclude Include="stdafx.h">
      <Filter>Header Files</Filter>
    </ClInclude>
    <ClInclude Include="targetver.h">
      <Filter>Header Files</Filter>
    </ClInclude>
    <ClInclude Include="regXwild.h">
      <Filter>Header Files</Filter>
    </ClInclude>
    <ClInclude Include="declspec.h">
      <Filter>Header Files</Filter>
    </ClInclude>
    <ClInclude Include="regXwildAPI.h">
      <Filter>Header Files</Filter>
    </ClInclude>
    <ClInclude Include="typedefs.h">
      <Filter>Header Files</Filter>
    </ClInclude>
    <ClInclude Include="core\ESS\AlgorithmEss.h">
      <Filter>Header Files\core\ESS</Filter>
    </ClInclude>
    <ClInclude Include="core\EXT\AlgorithmExt.h">
      <Filter>Header Files\core\EXT</Filter>
    </ClInclude>
    <ClInclude Include="RXWVersion.h">
      <Filter>Header Files</Filter>
    </ClInclude>
    <ClInclude Include="conf.h">
      <Filter>Header Files</Filter>
    </ClInclude>
  </ItemGroup>
  <ItemGroup>
    <ClCompile Include="stdafx.cpp">
      <Filter>Source Files</Filter>
    </ClCompile>
    <ClCompile Include="regXwild.cpp">
      <Filter>Source Files</Filter>
    </ClCompile>
    <ClCompile Include="dllmain.cpp">
      <Filter>Source Files</Filter>
    </ClCompile>
    <ClCompile Include="regXwildAPI.cpp">
      <Filter>Source Files</Filter>
    </ClCompile>
    <ClCompile Include="core\ESS\AlgorithmEss.cpp">
      <Filter>Source Files\core\ESS</Filter>
    </ClCompile>
    <ClCompile Include="core\EXT\AlgorithmExt.cpp">
      <Filter>Source Files\core\EXT</Filter>
    </ClCompile>
  </ItemGroup>
</Project>